
Microsoft Visual Studio Solution File, Format Version 12.00
# Visual Studio Version 17
VisualStudioVersion = 17.6.33829.357
MinimumVisualStudioVersion = 10.0.40219.1
Project("{9A19103F-16F7-4668-BE54-9A1E7A4F7556}") = "TangyWeb_Server", "TangyWeb_Server\TangyWeb_Server.csproj", "{32750586-794E-4144-9D4C-12612D094E39}"
EndProject
Project("{9A19103F-16F7-4668-BE54-9A1E7A4F7556}") = "TangyWeb_Client", "TangyWeb_Client\TangyWeb_Client.csproj", "{F0B8A4B8-75F8-40D1-9070-6C1741430C13}"
EndProject
Project("{9A19103F-16F7-4668-BE54-9A1E7A4F7556}") = "Tangy_Models", "Tangy_Models\Tangy_Models.csproj", "{AB1CC6F5-577E-4EE5-B807-32F9BD7C1CBD}"
EndProject
Project("{9A19103F-16F7-4668-BE54-9A1E7A4F7556}") = "Tangy_Business", "Tangy_Business\Tangy_Business.csproj", "{22EC47BB-0EA0-419A-8545-1B2B5F3D5641}"
EndProject
Project("{9A19103F-16F7-4668-BE54-9A1E7A4F7556}") = "Tangy_Common", "Tangy_Common\Tangy_Common.csproj", "{6573326F-A77A-466E-A54B-E0EB1C6D91C6}"
EndProject
Project("{9A19103F-16F7-4668-BE54-9A1E7A4F7556}") = "Tangy_DataAccess", "Tangy_DataAccess\Tangy_DataAccess.csproj", "{FB13C4B3-35EF-4D91-BD63-7494491FD566}"
EndProject
Project("{9A19103F-16F7-4668-BE54-9A1E7A4F7556}") = "TangyWeb_API", "TangyWeb_API\TangyWeb_API.csproj", "{ECD2B268-A301-4B7F-9F41-61AA63BC6F93}"
EndProject
Project("{9A19103F-16F7-4668-BE54-9A1E7A4F7556}") = "TangY_Gateway", "TangY_Gateway\TangY_Gateway.csproj", "{6215EAB9-5C17-4538-8DA9-D6E224EBC2B2}"
EndProject
Project("{9A19103F-16F7-4668-BE54-9A1E7A4F7556}") = "API_GateWay", "API_GateWay\API_GateWay.csproj", "{5E5BB444-1A2D-4432-BC02-96C05F3573C5}"
EndProject
Project("{2150E333-8FDC-42A3-9474-1A3956D46DE8}") = "DataAccess", "DataAccess", "{1C67F6C4-AA17-4C6E-9704-6ABE88271A17}"
EndProject
Project("{2150E333-8FDC-42A3-9474-1A3956D46DE8}") = "BussinessObject", "BussinessObject", "{531FE7B1-4304-4015-850E-135F1CC04C3C}"
EndProject
Project("{2150E333-8FDC-42A3-9474-1A3956D46DE8}") = "Presentation", "Presentation", "{C5CC8A91-D8E2-487E-891B-FE20E0D35BF8}"
EndProject
Global
	GlobalSection(SolutionConfigurationPlatforms) = preSolution
		Debug|Any CPU = Debug|Any CPU
		Release|Any CPU = Release|Any CPU
	EndGlobalSection
	GlobalSection(ProjectConfigurationPlatforms) = postSolution
		{32750586-794E-4144-9D4C-12612D094E39}.Debug|Any CPU.ActiveCfg = Debug|Any CPU
		{32750586-794E-4144-9D4C-12612D094E39}.Debug|Any CPU.Build.0 = Debug|Any CPU
		{32750586-794E-4144-9D4C-12612D094E39}.Release|Any CPU.ActiveCfg = Release|Any CPU
		{32750586-794E-4144-9D4C-12612D094E39}.Release|Any CPU.Build.0 = Release|Any CPU
		{F0B8A4B8-75F8-40D1-9070-6C1741430C13}.Debug|Any CPU.ActiveCfg = Debug|Any CPU
		{F0B8A4B8-75F8-40D1-9070-6C1741430C13}.Debug|Any CPU.Build.0 = Debug|Any CPU
		{F0B8A4B8-75F8-40D1-9070-6C1741430C13}.Release|Any CPU.ActiveCfg = Release|Any CPU
		{F0B8A4B8-75F8-40D1-9070-6C1741430C13}.Release|Any CPU.Build.0 = Release|Any CPU
		{AB1CC6F5-577E-4EE5-B807-32F9BD7C1CBD}.Debug|Any CPU.ActiveCfg = Debug|Any CPU
		{AB1CC6F5-577E-4EE5-B807-32F9BD7C1CBD}.Debug|Any CPU.Build.0 = Debug|Any CPU
		{AB1CC6F5-577E-4EE5-B807-32F9BD7C1CBD}.Release|Any CPU.ActiveCfg = Release|Any CPU
		{AB1CC6F5-577E-4EE5-B807-32F9BD7C1CBD}.Release|Any CPU.Build.0 = Release|Any CPU
		{22EC47BB-0EA0-419A-8545-1B2B5F3D5641}.Debug|Any CPU.ActiveCfg = Debug|Any CPU
		{22EC47BB-0EA0-419A-8545-1B2B5F3D5641}.Debug|Any CPU.Build.0 = Debug|Any CPU
		{22EC47BB-0EA0-419A-8545-1B2B5F3D5641}.Release|Any CPU.ActiveCfg = Release|Any CPU
		{22EC47BB-0EA0-419A-8545-1B2B5F3D5641}.Release|Any CPU.Build.0 = Release|Any CPU
		{6573326F-A77A-466E-A54B-E0EB1C6D91C6}.Debug|Any CPU.ActiveCfg = Debug|Any CPU
		{6573326F-A77A-466E-A54B-E0EB1C6D91C6}.Debug|Any CPU.Build.0 = Debug|Any CPU
		{6573326F-A77A-466E-A54B-E0EB1C6D91C6}.Release|Any CPU.ActiveCfg = Release|Any CPU
		{6573326F-A77A-466E-A54B-E0EB1C6D91C6}.Release|Any CPU.Build.0 = Release|Any CPU
		{FB13C4B3-35EF-4D91-BD63-7494491FD566}.Debug|Any CPU.ActiveCfg = Debug|Any CPU
		{FB13C4B3-35EF-4D91-BD63-7494491FD566}.Debug|Any CPU.Build.0 = Debug|Any CPU
		{FB13C4B3-35EF-4D91-BD63-7494491FD566}.Release|Any CPU.ActiveCfg = Release|Any CPU
		{FB13C4B3-35EF-4D91-BD63-7494491FD566}.Release|Any CPU.Build.0 = Release|Any CPU
		{ECD2B268-A301-4B7F-9F41-61AA63BC6F93}.Debug|Any CPU.ActiveCfg = Debug|Any CPU
		{ECD2B268-A301-4B7F-9F41-61AA63BC6F93}.Debug|Any CPU.Build.0 = Debug|Any CPU
		{ECD2B268-A301-4B7F-9F41-61AA63BC6F93}.Release|Any CPU.ActiveCfg = Release|Any CPU
		{ECD2B268-A301-4B7F-9F41-61AA63BC6F93}.Release|Any CPU.Build.0 = Release|Any CPU
		{6215EAB9-5C17-4538-8DA9-D6E224EBC2B2}.Debug|Any CPU.ActiveCfg = Debug|Any CPU
		{6215EAB9-5C17-4538-8DA9-D6E224EBC2B2}.Debug|Any CPU.Build.0 = Debug|Any CPU
		{6215EAB9-5C17-4538-8DA9-D6E224EBC2B2}.Release|Any CPU.ActiveCfg = Release|Any CPU
		{6215EAB9-5C17-4538-8DA9-D6E224EBC2B2}.Release|Any CPU.Build.0 = Release|Any CPU
		{5E5BB444-1A2D-4432-BC02-96C05F3573C5}.Debug|Any CPU.ActiveCfg = Debug|Any CPU
		{5E5BB444-1A2D-4432-BC02-96C05F3573C5}.Debug|Any CPU.Build.0 = Debug|Any CPU
		{5E5BB444-1A2D-4432-BC02-96C05F3573C5}.Release|Any CPU.ActiveCfg = Release|Any CPU
		{5E5BB444-1A2D-4432-BC02-96C05F3573C5}.Release|Any CPU.Build.0 = Release|Any CPU
	EndGlobalSection
	GlobalSection(SolutionProperties) = preSolution
		HideSolutionNode = FALSE
	EndGlobalSection
	GlobalSection(NestedProjects) = preSolution
		{32750586-794E-4144-9D4C-12612D094E39} = {C5CC8A91-D8E2-487E-891B-FE20E0D35BF8}
		{F0B8A4B8-75F8-40D1-9070-6C1741430C13} = {C5CC8A91-D8E2-487E-891B-FE20E0D35BF8}
		{AB1CC6F5-577E-4EE5-B807-32F9BD7C1CBD} = {531FE7B1-4304-4015-850E-135F1CC04C3C}
		{22EC47BB-0EA0-419A-8545-1B2B5F3D5641} = {531FE7B1-4304-4015-850E-135F1CC04C3C}
		{6573326F-A77A-466E-A54B-E0EB1C6D91C6} = {531FE7B1-4304-4015-850E-135F1CC04C3C}
		{FB13C4B3-35EF-4D91-BD63-7494491FD566} = {1C67F6C4-AA17-4C6E-9704-6ABE88271A17}
		{ECD2B268-A301-4B7F-9F41-61AA63BC6F93} = {C5CC8A91-D8E2-487E-891B-FE20E0D35BF8}
		{6215EAB9-5C17-4538-8DA9-D6E224EBC2B2} = {C5CC8A91-D8E2-487E-891B-FE20E0D35BF8}
		{5E5BB444-1A2D-4432-BC02-96C05F3573C5} = {C5CC8A91-D8E2-487E-891B-FE20E0D35BF8}
	EndGlobalSection
	GlobalSection(ExtensibilityGlobals) = postSolution
		SolutionGuid = {A8810DE7-1E6A-4956-A837-FF3A7CDE9017}
	EndGlobalSection
EndGlobal
